<Solution>
  <Project Path="backend/GoldenBread.Api/GoldenBread.Api.csproj" />
  <Project Path="backend/GoldenBread.Application/GoldenBread.Application.csproj" />
  <Project Path="backend/GoldenBread.Domain/GoldenBread.Domain.csproj" />
  <Project Path="backend/GoldenBread.Persistence/GoldenBread.Infrastructure.csproj" Id="5d17f648-35e2-4b6e-8870-c7ebfa986224" />
  <Project Path="desktop/GoldenBread.Desktop/GoldenBread.Desktop.csproj" />
</Solution>
