Microsoft Visual Studio Solution File, Format Version 12.00
# Visual Studio Version 17
VisualStudioVersion = 17.5.2.0
MinimumVisualStudioVersion = 10.0.40219.1
Project("{FAE04EC0-301F-11D3-BF4B-00C04F79EFBC}") = "GoldenBread.Desktop", "GoldenBread.Desktop\GoldenBread.Desktop.csproj", "{824EE3E2-CE52-EB60-81C5-0BAB60C47D6F}"
EndProject
Global
	GlobalSection(SolutionConfigurationPlatforms) = preSolution
		Debug|Any CPU = Debug|Any CPU
		Release|Any CPU = Release|Any CPU
	EndGlobalSection
	GlobalSection(ProjectConfigurationPlatforms) = postSolution
		{824EE3E2-CE52-EB60-81C5-0BAB60C47D6F}.Debug|Any CPU.ActiveCfg = Debug|Any CPU
		{824EE3E2-CE52-EB60-81C5-0BAB60C47D6F}.Debug|Any CPU.Build.0 = Debug|Any CPU
		{824EE3E2-CE52-EB60-81C5-0BAB60C47D6F}.Release|Any CPU.ActiveCfg = Release|Any CPU
		{824EE3E2-CE52-EB60-81C5-0BAB60C47D6F}.Release|Any CPU.Build.0 = Release|Any CPU
	EndGlobalSection
	GlobalSection(SolutionProperties) = preSolution
		HideSolutionNode = FALSE
	EndGlobalSection
	GlobalSection(ExtensibilityGlobals) = postSolution
		SolutionGuid = {E0C03E53-A831-4C8A-BB9D-B1F7DBB2D689}
	EndGlobalSection
EndGlobal
